// !$*UTF8*$!
{
	archiveVersion = 1;
	classes = {
	};
	objectVersion = 51;
	objects = {

/* Begin PBXBuildFile section */
		174E3D433C739DFA3586E255 /* Pods_FBIntegrationUITests.framework in Frameworks */ = {isa = PBXBuildFile; fileRef = FC6F392C554B4599180F44CE /* Pods_FBIntegrationUITests.framework */; };
		76DDAC64E6430A25B2A838E3 /* Pods_FBIntegrationTests.framework in Frameworks */ = {isa = PBXBuildFile; fileRef = 769FC57921A91C5CFD2CB293 /* Pods_FBIntegrationTests.framework */; };
		9A60BBEC186CBC83E162C5B1 /* Pods_FBIntegration.framework in Frameworks */ = {isa = PBXBuildFile; fileRef = 152094D0EEA2E3D9FD141C11 /* Pods_FBIntegration.framework */; };
		B7E0E793229E7F2800EC1878 /* AppDelegate.swift in Sources */ = {isa = PBXBuildFile; fileRef = B7E0E792229E7F2800EC1878 /* AppDelegate.swift */; };
		B7E0E795229E7F2800EC1878 /* ViewController.swift in Sources */ = {isa = PBXBuildFile; fileRef = B7E0E794229E7F2800EC1878 /* ViewController.swift */; };
		B7E0E798229E7F2800EC1878 /* Main.storyboard in Resources */ = {isa = PBXBuildFile; fileRef = B7E0E796229E7F2800EC1878 /* Main.storyboard */; };
		B7E0E79A229E7F2900EC1878 /* Assets.xcassets in Resources */ = {isa = PBXBuildFile; fileRef = B7E0E799229E7F2900EC1878 /* Assets.xcassets */; };
		B7E0E79D229E7F2900EC1878 /* LaunchScreen.storyboard in Resources */ = {isa = PBXBuildFile; fileRef = B7E0E79B229E7F2900EC1878 /* LaunchScreen.storyboard */; };
		B7E0E7A8229E7F2900EC1878 /* FBIntegrationTests.swift in Sources */ = {isa = PBXBuildFile; fileRef = B7E0E7A7229E7F2900EC1878 /* FBIntegrationTests.swift */; };
		B7E0E7B3229E7F2900EC1878 /* FBIntegrationUITests.swift in Sources */ = {isa = PBXBuildFile; fileRef = B7E0E7B2229E7F2900EC1878 /* FBIntegrationUITests.swift */; };
/* End PBXBuildFile section */

/* Begin PBXContainerItemProxy section */
		B7E0E7A4229E7F2900EC1878 /* PBXContainerItemProxy */ = {
			isa = PBXContainerItemProxy;
			containerPortal = B7E0E787229E7F2800EC1878 /* Project object */;
			proxyType = 1;
			remoteGlobalIDString = B7E0E78E229E7F2800EC1878;
			remoteInfo = FBIntegration;
		};
		B7E0E7AF229E7F2900EC1878 /* PBXContainerItemProxy */ = {
			isa = PBXContainerItemProxy;
			containerPortal = B7E0E787229E7F2800EC1878 /* Project object */;
			proxyType = 1;
			remoteGlobalIDString = B7E0E78E229E7F2800EC1878;
			remoteInfo = FBIntegration;
		};
/* End PBXContainerItemProxy section */

/* Begin PBXFileReference section */
		04390CD367214BD0DF238C87 /* Pods-FBIntegrationTests.release.xcconfig */ = {isa = PBXFileReference; includeInIndex = 1; lastKnownFileType = text.xcconfig; name = "Pods-FBIntegrationTests.release.xcconfig"; path = "Target Support Files/Pods-FBIntegrationTests/Pods-FBIntegrationTests.release.xcconfig"; sourceTree = "<group>"; };
		152094D0EEA2E3D9FD141C11 /* Pods_FBIntegration.framework */ = {isa = PBXFileReference; explicitFileType = wrapper.framework; includeInIndex = 0; path = Pods_FBIntegration.framework; sourceTree = BUILT_PRODUCTS_DIR; };
		1564E022F9812B3907D586E3 /* Pods-FBIntegrationUITests.release.xcconfig */ = {isa = PBXFileReference; includeInIndex = 1; lastKnownFileType = text.xcconfig; name = "Pods-FBIntegrationUITests.release.xcconfig"; path = "Target Support Files/Pods-FBIntegrationUITests/Pods-FBIntegrationUITests.release.xcconfig"; sourceTree = "<group>"; };
		21E6FAF29E07FCC4D3F7C4BC /* Pods-FBIntegrationUITests.debug.xcconfig */ = {isa = PBXFileReference; includeInIndex = 1; lastKnownFileType = text.xcconfig; name = "Pods-FBIntegrationUITests.debug.xcconfig"; path = "Target Support Files/Pods-FBIntegrationUITests/Pods-FBIntegrationUITests.debug.xcconfig"; sourceTree = "<group>"; };
		3F57E6CC31BF5CED6D1D445E /* Pods-FBIntegration.release.xcconfig */ = {isa = PBXFileReference; includeInIndex = 1; lastKnownFileType = text.xcconfig; name = "Pods-FBIntegration.release.xcconfig"; path = "Target Support Files/Pods-FBIntegration/Pods-FBIntegration.release.xcconfig"; sourceTree = "<group>"; };
		769FC57921A91C5CFD2CB293 /* Pods_FBIntegrationTests.framework */ = {isa = PBXFileReference; explicitFileType = wrapper.framework; includeInIndex = 0; path = Pods_FBIntegrationTests.framework; sourceTree = BUILT_PRODUCTS_DIR; };
		79C1DAFD0758706EA52338F9 /* Pods-FBIntegrationTests.debug.xcconfig */ = {isa = PBXFileReference; includeInIndex = 1; lastKnownFileType = text.xcconfig; name = "Pods-FBIntegrationTests.debug.xcconfig"; path = "Target Support Files/Pods-FBIntegrationTests/Pods-FBIntegrationTests.debug.xcconfig"; sourceTree = "<group>"; };
		B7E0E78F229E7F2800EC1878 /* FBIntegration.app */ = {isa = PBXFileReference; explicitFileType = wrapper.application; includeInIndex = 0; path = FBIntegration.app; sourceTree = BUILT_PRODUCTS_DIR; };
		B7E0E792229E7F2800EC1878 /* AppDelegate.swift */ = {isa = PBXFileReference; lastKnownFileType = sourcecode.swift; path = AppDelegate.swift; sourceTree = "<group>"; };
		B7E0E794229E7F2800EC1878 /* ViewController.swift */ = {isa = PBXFileReference; lastKnownFileType = sourcecode.swift; path = ViewController.swift; sourceTree = "<group>"; };
		B7E0E797229E7F2800EC1878 /* Base */ = {isa = PBXFileReference; lastKnownFileType = file.storyboard; name = Base; path = Base.lproj/Main.storyboard; sourceTree = "<group>"; };
		B7E0E799229E7F2900EC1878 /* Assets.xcassets */ = {isa = PBXFileReference; lastKnownFileType = folder.assetcatalog; path = Assets.xcassets; sourceTree = "<group>"; };
		B7E0E79C229E7F2900EC1878 /* Base */ = {isa = PBXFileReference; lastKnownFileType = file.storyboard; name = Base; path = Base.lproj/LaunchScreen.storyboard; sourceTree = "<group>"; };
		B7E0E79E229E7F2900EC1878 /* Info.plist */ = {isa = PBXFileReference; lastKnownFileType = text.plist.xml; path = Info.plist; sourceTree = "<group>"; };
		B7E0E7A3229E7F2900EC1878 /* FBIntegrationTests.xctest */ = {isa = PBXFileReference; explicitFileType = wrapper.cfbundle; includeInIndex = 0; path = FBIntegrationTests.xctest; sourceTree = BUILT_PRODUCTS_DIR; };
		B7E0E7A7229E7F2900EC1878 /* FBIntegrationTests.swift */ = {isa = PBXFileReference; lastKnownFileType = sourcecode.swift; path = FBIntegrationTests.swift; sourceTree = "<group>"; };
		B7E0E7A9229E7F2900EC1878 /* Info.plist */ = {isa = PBXFileReference; lastKnownFileType = text.plist.xml; path = Info.plist; sourceTree = "<group>"; };
		B7E0E7AE229E7F2900EC1878 /* FBIntegrationUITests.xctest */ = {isa = PBXFileReference; explicitFileType = wrapper.cfbundle; includeInIndex = 0; path = FBIntegrationUITests.xctest; sourceTree = BUILT_PRODUCTS_DIR; };
		B7E0E7B2229E7F2900EC1878 /* FBIntegrationUITests.swift */ = {isa = PBXFileReference; lastKnownFileType = sourcecode.swift; path = FBIntegrationUITests.swift; sourceTree = "<group>"; };
		B7E0E7B4229E7F2900EC1878 /* Info.plist */ = {isa = PBXFileReference; lastKnownFileType = text.plist.xml; path = Info.plist; sourceTree = "<group>"; };
		E20217E109D314DA69DDD244 /* Pods-FBIntegration.debug.xcconfig */ = {isa = PBXFileReference; includeInIndex = 1; lastKnownFileType = text.xcconfig; name = "Pods-FBIntegration.debug.xcconfig"; path = "Target Support Files/Pods-FBIntegration/Pods-FBIntegration.debug.xcconfig"; sourceTree = "<group>"; };
		FC6F392C554B4599180F44CE /* Pods_FBIntegrationUITests.framework */ = {isa = PBXFileReference; explicitFileType = wrapper.framework; includeInIndex = 0; path = Pods_FBIntegrationUITests.framework; sourceTree = BUILT_PRODUCTS_DIR; };
/* End PBXFileReference section */

/* Begin PBXFrameworksBuildPhase section */
		B7E0E78C229E7F2800EC1878 /* Frameworks */ = {
			isa = PBXFrameworksBuildPhase;
			buildActionMask = 2147483647;
			files = (
				9A60BBEC186CBC83E162C5B1 /* Pods_FBIntegration.framework in Frameworks */,
			);
			runOnlyForDeploymentPostprocessing = 0;
		};
		B7E0E7A0229E7F2900EC1878 /* Frameworks */ = {
			isa = PBXFrameworksBuildPhase;
			buildActionMask = 2147483647;
			files = (
				76DDAC64E6430A25B2A838E3 /* Pods_FBIntegrationTests.framework in Frameworks */,
			);
			runOnlyForDeploymentPostprocessing = 0;
		};
		B7E0E7AB229E7F2900EC1878 /* Frameworks */ = {
			isa = PBXFrameworksBuildPhase;
			buildActionMask = 2147483647;
			files = (
				174E3D433C739DFA3586E255 /* Pods_FBIntegrationUITests.framework in Frameworks */,
			);
			runOnlyForDeploymentPostprocessing = 0;
		};
/* End PBXFrameworksBuildPhase section */

/* Begin PBXGroup section */
		7D03AABC968B6D8CCFEC8D11 /* Frameworks */ = {
			isa = PBXGroup;
			children = (
				152094D0EEA2E3D9FD141C11 /* Pods_FBIntegration.framework */,
				769FC57921A91C5CFD2CB293 /* Pods_FBIntegrationTests.framework */,
				FC6F392C554B4599180F44CE /* Pods_FBIntegrationUITests.framework */,
			);
			name = Frameworks;
			sourceTree = "<group>";
		};
		B7E0E786229E7F2800EC1878 = {
			isa = PBXGroup;
			children = (
				B7E0E791229E7F2800EC1878 /* FBIntegration */,
				B7E0E7A6229E7F2900EC1878 /* FBIntegrationTests */,
				B7E0E7B1229E7F2900EC1878 /* FBIntegrationUITests */,
				B7E0E790229E7F2800EC1878 /* Products */,
				C409F98D5F720F1EB92EC075 /* Pods */,
				7D03AABC968B6D8CCFEC8D11 /* Frameworks */,
			);
			sourceTree = "<group>";
		};
		B7E0E790229E7F2800EC1878 /* Products */ = {
			isa = PBXGroup;
			children = (
				B7E0E78F229E7F2800EC1878 /* FBIntegration.app */,
				B7E0E7A3229E7F2900EC1878 /* FBIntegrationTests.xctest */,
				B7E0E7AE229E7F2900EC1878 /* FBIntegrationUITests.xctest */,
			);
			name = Products;
			sourceTree = "<group>";
		};
		B7E0E791229E7F2800EC1878 /* FBIntegration */ = {
			isa = PBXGroup;
			children = (
				B7E0E792229E7F2800EC1878 /* AppDelegate.swift */,
				B7E0E794229E7F2800EC1878 /* ViewController.swift */,
				B7E0E796229E7F2800EC1878 /* Main.storyboard */,
				B7E0E799229E7F2900EC1878 /* Assets.xcassets */,
				B7E0E79B229E7F2900EC1878 /* LaunchScreen.storyboard */,
				B7E0E79E229E7F2900EC1878 /* Info.plist */,
			);
			path = FBIntegration;
			sourceTree = "<group>";
		};
		B7E0E7A6229E7F2900EC1878 /* FBIntegrationTests */ = {
			isa = PBXGroup;
			children = (
				B7E0E7A7229E7F2900EC1878 /* FBIntegrationTests.swift */,
				B7E0E7A9229E7F2900EC1878 /* Info.plist */,
			);
			path = FBIntegrationTests;
			sourceTree = "<group>";
		};
		B7E0E7B1229E7F2900EC1878 /* FBIntegrationUITests */ = {
			isa = PBXGroup;
			children = (
				B7E0E7B2229E7F2900EC1878 /* FBIntegrationUITests.swift */,
				B7E0E7B4229E7F2900EC1878 /* Info.plist */,
			);
			path = FBIntegrationUITests;
			sourceTree = "<group>";
		};
		C409F98D5F720F1EB92EC075 /* Pods */ = {
			isa = PBXGroup;
			children = (
				E20217E109D314DA69DDD244 /* Pods-FBIntegration.debug.xcconfig */,
				3F57E6CC31BF5CED6D1D445E /* Pods-FBIntegration.release.xcconfig */,
				79C1DAFD0758706EA52338F9 /* Pods-FBIntegrationTests.debug.xcconfig */,
				04390CD367214BD0DF238C87 /* Pods-FBIntegrationTests.release.xcconfig */,
				21E6FAF29E07FCC4D3F7C4BC /* Pods-FBIntegrationUITests.debug.xcconfig */,
				1564E022F9812B3907D586E3 /* Pods-FBIntegrationUITests.release.xcconfig */,
			);
			path = Pods;
			sourceTree = "<group>";
		};
/* End PBXGroup section */

/* Begin PBXNativeTarget section */
		B7E0E78E229E7F2800EC1878 /* FBIntegration */ = {
			isa = PBXNativeTarget;
			buildConfigurationList = B7E0E7B7229E7F2900EC1878 /* Build configuration list for PBXNativeTarget "FBIntegration" */;
			buildPhases = (
				B9EAC40179833FD5EC21EA9A /* [CP] Check Pods Manifest.lock */,
				B7E0E78B229E7F2800EC1878 /* Sources */,
				B7E0E78C229E7F2800EC1878 /* Frameworks */,
				B7E0E78D229E7F2800EC1878 /* Resources */,
				2745B98055A658875B2CEAB6 /* [CP] Embed Pods Frameworks */,
			);
			buildRules = (
			);
			dependencies = (
			);
			name = FBIntegration;
			productName = FBIntegration;
			productReference = B7E0E78F229E7F2800EC1878 /* FBIntegration.app */;
			productType = "com.apple.product-type.application";
		};
		B7E0E7A2229E7F2900EC1878 /* FBIntegrationTests */ = {
			isa = PBXNativeTarget;
			buildConfigurationList = B7E0E7BA229E7F2900EC1878 /* Build configuration list for PBXNativeTarget "FBIntegrationTests" */;
			buildPhases = (
				BE56E24142726DAD7A737124 /* [CP] Check Pods Manifest.lock */,
				B7E0E79F229E7F2900EC1878 /* Sources */,
				B7E0E7A0229E7F2900EC1878 /* Frameworks */,
				B7E0E7A1229E7F2900EC1878 /* Resources */,
			);
			buildRules = (
			);
			dependencies = (
				B7E0E7A5229E7F2900EC1878 /* PBXTargetDependency */,
			);
			name = FBIntegrationTests;
			productName = FBIntegrationTests;
			productReference = B7E0E7A3229E7F2900EC1878 /* FBIntegrationTests.xctest */;
			productType = "com.apple.product-type.bundle.unit-test";
		};
		B7E0E7AD229E7F2900EC1878 /* FBIntegrationUITests */ = {
			isa = PBXNativeTarget;
			buildConfigurationList = B7E0E7BD229E7F2900EC1878 /* Build configuration list for PBXNativeTarget "FBIntegrationUITests" */;
			buildPhases = (
				EDCF2094EE720A07EF0DD947 /* [CP] Check Pods Manifest.lock */,
				B7E0E7AA229E7F2900EC1878 /* Sources */,
				B7E0E7AB229E7F2900EC1878 /* Frameworks */,
				B7E0E7AC229E7F2900EC1878 /* Resources */,
			);
			buildRules = (
			);
			dependencies = (
				B7E0E7B0229E7F2900EC1878 /* PBXTargetDependency */,
			);
			name = FBIntegrationUITests;
			productName = FBIntegrationUITests;
			productReference = B7E0E7AE229E7F2900EC1878 /* FBIntegrationUITests.xctest */;
			productType = "com.apple.product-type.bundle.ui-testing";
		};
/* End PBXNativeTarget section */

/* Begin PBXProject section */
		B7E0E787229E7F2800EC1878 /* Project object */ = {
			isa = PBXProject;
			attributes = {
				LastSwiftUpdateCheck = 1010;
				LastUpgradeCheck = 1010;
				ORGANIZATIONNAME = Rahul;
				TargetAttributes = {
					B7E0E78E229E7F2800EC1878 = {
						CreatedOnToolsVersion = 10.1;
					};
					B7E0E7A2229E7F2900EC1878 = {
						CreatedOnToolsVersion = 10.1;
						TestTargetID = B7E0E78E229E7F2800EC1878;
					};
					B7E0E7AD229E7F2900EC1878 = {
						CreatedOnToolsVersion = 10.1;
						TestTargetID = B7E0E78E229E7F2800EC1878;
					};
				};
			};
			buildConfigurationList = B7E0E78A229E7F2800EC1878 /* Build configuration list for PBXProject "FBIntegration" */;
			compatibilityVersion = "Xcode 9.3";
			developmentRegion = en;
			hasScannedForEncodings = 0;
			knownRegions = (
				en,
				Base,
			);
			mainGroup = B7E0E786229E7F2800EC1878;
			productRefGroup = B7E0E790229E7F2800EC1878 /* Products */;
			projectDirPath = "";
			projectRoot = "";
			targets = (
				B7E0E78E229E7F2800EC1878 /* FBIntegration */,
				B7E0E7A2229E7F2900EC1878 /* FBIntegrationTests */,
				B7E0E7AD229E7F2900EC1878 /* FBIntegrationUITests */,
			);
		};
/* End PBXProject section */

/* Begin PBXResourcesBuildPhase section */
		B7E0E78D229E7F2800EC1878 /* Resources */ = {
			isa = PBXResourcesBuildPhase;
			buildActionMask = 2147483647;
			files = (
				B7E0E79D229E7F2900EC1878 /* LaunchScreen.storyboard in Resources */,
				B7E0E79A229E7F2900EC1878 /* Assets.xcassets in Resources */,
				B7E0E798229E7F2800EC1878 /* Main.storyboard in Resources */,
			);
			runOnlyForDeploymentPostprocessing = 0;
		};
		B7E0E7A1229E7F2900EC1878 /* Resources */ = {
			isa = PBXResourcesBuildPhase;
			buildActionMask = 2147483647;
			files = (
			);
			runOnlyForDeploymentPostprocessing = 0;
		};
		B7E0E7AC229E7F2900EC1878 /* Resources */ = {
			isa = PBXResourcesBuildPhase;
			buildActionMask = 2147483647;
			files = (
			);
			runOnlyForDeploymentPostprocessing = 0;
		};
/* End PBXResourcesBuildPhase section */

/* Begin PBXShellScriptBuildPhase section */
		2745B98055A658875B2CEAB6 /* [CP] Embed Pods Frameworks */ = {
			isa = PBXShellScriptBuildPhase;
			buildActionMask = 2147483647;
			files = (
			);
			inputFileListPaths = (
				"${PODS_ROOT}/Target Support Files/Pods-FBIntegration/Pods-FBIntegration-frameworks-${CONFIGURATION}-input-files.xcfilelist",
			);
			name = "[CP] Embed Pods Frameworks";
			outputFileListPaths = (
				"${PODS_ROOT}/Target Support Files/Pods-FBIntegration/Pods-FBIntegration-frameworks-${CONFIGURATION}-output-files.xcfilelist",
			);
			runOnlyForDeploymentPostprocessing = 0;
			shellPath = /bin/sh;
			shellScript = "\"${PODS_ROOT}/Target Support Files/Pods-FBIntegration/Pods-FBIntegration-frameworks.sh\"\n";
			showEnvVarsInLog = 0;
		};
		B9EAC40179833FD5EC21EA9A /* [CP] Check Pods Manifest.lock */ = {
			isa = PBXShellScriptBuildPhase;
			buildActionMask = 2147483647;
			files = (
			);
			inputFileListPaths = (
			);
			inputPaths = (
				"${PODS_PODFILE_DIR_PATH}/Podfile.lock",
				"${PODS_ROOT}/Manifest.lock",
			);
			name = "[CP] Check Pods Manifest.lock";
			outputFileListPaths = (
			);
			outputPaths = (
				"$(DERIVED_FILE_DIR)/Pods-FBIntegration-checkManifestLockResult.txt",
			);
			runOnlyForDeploymentPostprocessing = 0;
			shellPath = /bin/sh;
			shellScript = "diff \"${PODS_PODFILE_DIR_PATH}/Podfile.lock\" \"${PODS_ROOT}/Manifest.lock\" > /dev/null\nif [ $? != 0 ] ; then\n    # print error to STDERR\n    echo \"error: The sandbox is not in sync with the Podfile.lock. Run 'pod install' or update your CocoaPods installation.\" >&2\n    exit 1\nfi\n# This output is used by Xcode 'outputs' to avoid re-running this script phase.\necho \"SUCCESS\" > \"${SCRIPT_OUTPUT_FILE_0}\"\n";
			showEnvVarsInLog = 0;
		};
		BE56E24142726DAD7A737124 /* [CP] Check Pods Manifest.lock */ = {
			isa = PBXShellScriptBuildPhase;
			buildActionMask = 2147483647;
			files = (
			);
			inputFileListPaths = (
			);
			inputPaths = (
				"${PODS_PODFILE_DIR_PATH}/Podfile.lock",
				"${PODS_ROOT}/Manifest.lock",
			);
			name = "[CP] Check Pods Manifest.lock";
			outputFileListPaths = (
			);
			outputPaths = (
				"$(DERIVED_FILE_DIR)/Pods-FBIntegrationTests-checkManifestLockResult.txt",
			);
			runOnlyForDeploymentPostprocessing = 0;
			shellPath = /bin/sh;
			shellScript = "diff \"${PODS_PODFILE_DIR_PATH}/Podfile.lock\" \"${PODS_ROOT}/Manifest.lock\" > /dev/null\nif [ $? != 0 ] ; then\n    # print error to STDERR\n    echo \"error: The sandbox is not in sync with the Podfile.lock. Run 'pod install' or update your CocoaPods installation.\" >&2\n    exit 1\nfi\n# This output is used by Xcode 'outputs' to avoid re-running this script phase.\necho \"SUCCESS\" > \"${SCRIPT_OUTPUT_FILE_0}\"\n";
			showEnvVarsInLog = 0;
		};
		EDCF2094EE720A07EF0DD947 /* [CP] Check Pods Manifest.lock */ = {
			isa = PBXShellScriptBuildPhase;
			buildActionMask = 2147483647;
			files = (
			);
			inputFileListPaths = (
			);
			inputPaths = (
				"${PODS_PODFILE_DIR_PATH}/Podfile.lock",
				"${PODS_ROOT}/Manifest.lock",
			);
			name = "[CP] Check Pods Manifest.lock";
			outputFileListPaths = (
			);
			outputPaths = (
				"$(DERIVED_FILE_DIR)/Pods-FBIntegrationUITests-checkManifestLockResult.txt",
			);
			runOnlyForDeploymentPostprocessing = 0;
			shellPath = /bin/sh;
			shellScript = "diff \"${PODS_PODFILE_DIR_PATH}/Podfile.lock\" \"${PODS_ROOT}/Manifest.lock\" > /dev/null\nif [ $? != 0 ] ; then\n    # print error to STDERR\n    echo \"error: The sandbox is not in sync with the Podfile.lock. Run 'pod install' or update your CocoaPods installation.\" >&2\n    exit 1\nfi\n# This output is used by Xcode 'outputs' to avoid re-running this script phase.\necho \"SUCCESS\" > \"${SCRIPT_OUTPUT_FILE_0}\"\n";
			showEnvVarsInLog = 0;
		};
/* End PBXShellScriptBuildPhase section */

/* Begin PBXSourcesBuildPhase section */
		B7E0E78B229E7F2800EC1878 /* Sources */ = {
			isa = PBXSourcesBuildPhase;
			buildActionMask = 2147483647;
			files = (
				B7E0E795229E7F2800EC1878 /* ViewController.swift in Sources */,
				B7E0E793229E7F2800EC1878 /* AppDelegate.swift in Sources */,
			);
			runOnlyForDeploymentPostprocessing = 0;
		};
		B7E0E79F229E7F2900EC1878 /* Sources */ = {
			isa = PBXSourcesBuildPhase;
			buildActionMask = 2147483647;
			files = (
				B7E0E7A8229E7F2900EC1878 /* FBIntegrationTests.swift in Sources */,
			);
			runOnlyForDeploymentPostprocessing = 0;
		};
		B7E0E7AA229E7F2900EC1878 /* Sources */ = {
			isa = PBXSourcesBuildPhase;
			buildActionMask = 2147483647;
			files = (
				B7E0E7B3229E7F2900EC1878 /* FBIntegrationUITests.swift in Sources */,
			);
			runOnlyForDeploymentPostprocessing = 0;
		};
/* End PBXSourcesBuildPhase section */

/* Begin PBXTargetDependency section */
		B7E0E7A5229E7F2900EC1878 /* PBXTargetDependency */ = {
			isa = PBXTargetDependency;
			target = B7E0E78E229E7F2800EC1878 /* FBIntegration */;
			targetProxy = B7E0E7A4229E7F2900EC1878 /* PBXContainerItemProxy */;
		};
		B7E0E7B0229E7F2900EC1878 /* PBXTargetDependency */ = {
			isa = PBXTargetDependency;
			target = B7E0E78E229E7F2800EC1878 /* FBIntegration */;
			targetProxy = B7E0E7AF229E7F2900EC1878 /* PBXContainerItemProxy */;
		};
/* End PBXTargetDependency section */

/* Begin PBXVariantGroup section */
		B7E0E796229E7F2800EC1878 /* Main.storyboard */ = {
			isa = PBXVariantGroup;
			children = (
				B7E0E797229E7F2800EC1878 /* Base */,
			);
			name = Main.storyboard;
			sourceTree = "<group>";
		};
		B7E0E79B229E7F2900EC1878 /* LaunchScreen.storyboard */ = {
			isa = PBXVariantGroup;
			children = (
				B7E0E79C229E7F2900EC1878 /* Base */,
			);
			name = LaunchScreen.storyboard;
			sourceTree = "<group>";
		};
/* End PBXVariantGroup section */

/* Begin XCBuildConfiguration section */
		B7E0E7B5229E7F2900EC1878 /* Debug */ = {
			isa = XCBuildConfiguration;
			buildSettings = {
				ALWAYS_SEARCH_USER_PATHS = NO;
				CLANG_ANALYZER_NONNULL = YES;
				CLANG_ANALYZER_NUMBER_OBJECT_CONVERSION = YES_AGGRESSIVE;
				CLANG_CXX_LANGUAGE_STANDARD = "gnu++14";
				CLANG_CXX_LIBRARY = "libc++";
				CLANG_ENABLE_MODULES = YES;
				CLANG_ENABLE_OBJC_ARC = YES;
				CLANG_ENABLE_OBJC_WEAK = YES;
				CLANG_WARN_BLOCK_CAPTURE_AUTORELEASING = YES;
				CLANG_WARN_BOOL_CONVERSION = YES;
				CLANG_WARN_COMMA = YES;
				CLANG_WARN_CONSTANT_CONVERSION = YES;
				CLANG_WARN_DEPRECATED_OBJC_IMPLEMENTATIONS = YES;
				CLANG_WARN_DIRECT_OBJC_ISA_USAGE = YES_ERROR;
				CLANG_WARN_DOCUMENTATION_COMMENTS = YES;
				CLANG_WARN_EMPTY_BODY = YES;
				CLANG_WARN_ENUM_CONVERSION = YES;
				CLANG_WARN_INFINITE_RECURSION = YES;
				CLANG_WARN_INT_CONVERSION = YES;
				CLANG_WARN_NON_LITERAL_NULL_CONVERSION = YES;
				CLANG_WARN_OBJC_IMPLICIT_RETAIN_SELF = YES;
				CLANG_WARN_OBJC_LITERAL_CONVERSION = YES;
				CLANG_WARN_OBJC_ROOT_CLASS = YES_ERROR;
				CLANG_WARN_RANGE_LOOP_ANALYSIS = YES;
				CLANG_WARN_STRICT_PROTOTYPES = YES;
				CLANG_WARN_SUSPICIOUS_MOVE = YES;
				CLANG_WARN_UNGUARDED_AVAILABILITY = YES_AGGRESSIVE;
				CLANG_WARN_UNREACHABLE_CODE = YES;
				CLANG_WARN__DUPLICATE_METHOD_MATCH = YES;
				CODE_SIGN_IDENTITY = "iPhone Developer";
				COPY_PHASE_STRIP = NO;
				DEBUG_INFORMATION_FORMAT = dwarf;
				ENABLE_STRICT_OBJC_MSGSEND = YES;
				ENABLE_TESTABILITY = YES;
				GCC_C_LANGUAGE_STANDARD = gnu11;
				GCC_DYNAMIC_NO_PIC = NO;
				GCC_NO_COMMON_BLOCKS = YES;
				GCC_OPTIMIZATION_LEVEL = 0;
				GCC_PREPROCESSOR_DEFINITIONS = (
					"DEBUG=1",
					"$(inherited)",
				);
				GCC_WARN_64_TO_32_BIT_CONVERSION = YES;
				GCC_WARN_ABOUT_RETURN_TYPE = YES_ERROR;
				GCC_WARN_UNDECLARED_SELECTOR = YES;
				GCC_WARN_UNINITIALIZED_AUTOS = YES_AGGRESSIVE;
				GCC_WARN_UNUSED_FUNCTION = YES;
				GCC_WARN_UNUSED_VARIABLE = YES;
				IPHONEOS_DEPLOYMENT_TARGET = 12.1;
				MTL_ENABLE_DEBUG_INFO = INCLUDE_SOURCE;
				MTL_FAST_MATH = YES;
				ONLY_ACTIVE_ARCH = YES;
				OTHER_LDFLAGS = "-ObjC";
				SDKROOT = iphoneos;
				SWIFT_ACTIVE_COMPILATION_CONDITIONS = DEBUG;
				SWIFT_OPTIMIZATION_LEVEL = "-Onone";
			};
			name = Debug;
		};
		B7E0E7B6229E7F2900EC1878 /* Release */ = {
			isa = XCBuildConfiguration;
			buildSettings = {
				ALWAYS_SEARCH_USER_PATHS = NO;
				CLANG_ANALYZER_NONNULL = YES;
				CLANG_ANALYZER_NUMBER_OBJECT_CONVERSION = YES_AGGRESSIVE;
				CLANG_CXX_LANGUAGE_STANDARD = "gnu++14";
				CLANG_CXX_LIBRARY = "libc++";
				CLANG_ENABLE_MODULES = YES;
				CLANG_ENABLE_OBJC_ARC = YES;
				CLANG_ENABLE_OBJC_WEAK = YES;
				CLANG_WARN_BLOCK_CAPTURE_AUTORELEASING = YES;
				CLANG_WARN_BOOL_CONVERSION = YES;
				CLANG_WARN_COMMA = YES;
				CLANG_WARN_CONSTANT_CONVERSION = YES;
				CLANG_WARN_DEPRECATED_OBJC_IMPLEMENTATIONS = YES;
				CLANG_WARN_DIRECT_OBJC_ISA_USAGE = YES_ERROR;
				CLANG_WARN_DOCUMENTATION_COMMENTS = YES;
				CLANG_WARN_EMPTY_BODY = YES;
				CLANG_WARN_ENUM_CONVERSION = YES;
				CLANG_WARN_INFINITE_RECURSION = YES;
				CLANG_WARN_INT_CONVERSION = YES;
				CLANG_WARN_NON_LITERAL_NULL_CONVERSION = YES;
				CLANG_WARN_OBJC_IMPLICIT_RETAIN_SELF = YES;
				CLANG_WARN_OBJC_LITERAL_CONVERSION = YES;
				CLANG_WARN_OBJC_ROOT_CLASS = YES_ERROR;
				CLANG_WARN_RANGE_LOOP_ANALYSIS = YES;
				CLANG_WARN_STRICT_PROTOTYPES = YES;
				CLANG_WARN_SUSPICIOUS_MOVE = YES;
				CLANG_WARN_UNGUARDED_AVAILABILITY = YES_AGGRESSIVE;
				CLANG_WARN_UNREACHABLE_CODE = YES;
				CLANG_WARN__DUPLICATE_METHOD_MATCH = YES;
				CODE_SIGN_IDENTITY = "iPhone Developer";
				COPY_PHASE_STRIP = NO;
				DEBUG_INFORMATION_FORMAT = "dwarf-with-dsym";
				ENABLE_NS_ASSERTIONS = NO;
				ENABLE_STRICT_OBJC_MSGSEND = YES;
				GCC_C_LANGUAGE_STANDARD = gnu11;
				GCC_NO_COMMON_BLOCKS = YES;
				GCC_WARN_64_TO_32_BIT_CONVERSION = YES;
				GCC_WARN_ABOUT_RETURN_TYPE = YES_ERROR;
				GCC_WARN_UNDECLARED_SELECTOR = YES;
				GCC_WARN_UNINITIALIZED_AUTOS = YES_AGGRESSIVE;
				GCC_WARN_UNUSED_FUNCTION = YES;
				GCC_WARN_UNUSED_VARIABLE = YES;
				IPHONEOS_DEPLOYMENT_TARGET = 12.1;
				MTL_ENABLE_DEBUG_INFO = NO;
				MTL_FAST_MATH = YES;
				OTHER_LDFLAGS = "-ObjC";
				SDKROOT = iphoneos;
				SWIFT_COMPILATION_MODE = wholemodule;
				SWIFT_OPTIMIZATION_LEVEL = "-O";
				VALIDATE_PRODUCT = YES;
			};
			name = Release;
		};
		B7E0E7B8229E7F2900EC1878 /* Debug */ = {
			isa = XCBuildConfiguration;
			baseConfigurationReference = E20217E109D314DA69DDD244 /* Pods-FBIntegration.debug.xcconfig */;
			buildSettings = {
				ASSETCATALOG_COMPILER_APPICON_NAME = AppIcon;
				CODE_SIGN_STYLE = Automatic;
				INFOPLIST_FILE = FBIntegration/Info.plist;
				LD_RUNPATH_SEARCH_PATHS = (
					"$(inherited)",
					"@executable_path/Frameworks",
				);
				PRODUCT_BUNDLE_IDENTIFIER = Aress.FBIntegration;
				PRODUCT_NAME = "$(TARGET_NAME)";
				SWIFT_VERSION = 4.2;
				TARGETED_DEVICE_FAMILY = "1,2";
			};
			name = Debug;
		};
		B7E0E7B9229E7F2900EC1878 /* Release */ = {
			isa = XCBuildConfiguration;
			baseConfigurationReference = 3F57E6CC31BF5CED6D1D445E /* Pods-FBIntegration.release.xcconfig */;
			buildSettings = {
				ASSETCATALOG_COMPILER_APPICON_NAME = AppIcon;
				CODE_SIGN_STYLE = Automatic;
				INFOPLIST_FILE = FBIntegration/Info.plist;
				LD_RUNPATH_SEARCH_PATHS = (
					"$(inherited)",
					"@executable_path/Frameworks",
				);
				PRODUCT_BUNDLE_IDENTIFIER = Aress.FBIntegration;
				PRODUCT_NAME = "$(TARGET_NAME)";
				SWIFT_VERSION = 4.2;
				TARGETED_DEVICE_FAMILY = "1,2";
			};
			name = Release;
		};
		B7E0E7BB229E7F2900EC1878 /* Debug */ = {
			isa = XCBuildConfiguration;
			baseConfigurationReference = 79C1DAFD0758706EA52338F9 /* Pods-FBIntegrationTests.debug.xcconfig */;
			buildSettings = {
				ALWAYS_EMBED_SWIFT_STANDARD_LIBRARIES = YES;
				BUNDLE_LOADER = "$(TEST_HOST)";
				CODE_SIGN_STYLE = Automatic;
				INFOPLIST_FILE = FBIntegrationTests/Info.plist;
				LD_RUNPATH_SEARCH_PATHS = (
					"$(inherited)",
					"@executable_path/Frameworks",
					"@loader_path/Frameworks",
				);
				PRODUCT_BUNDLE_IDENTIFIER = Aress.FBIntegrationTests;
				PRODUCT_NAME = "$(TARGET_NAME)";
				SWIFT_VERSION = 4.2;
				TARGETED_DEVICE_FAMILY = "1,2";
				TEST_HOST = "$(BUILT_PRODUCTS_DIR)/FBIntegration.app/FBIntegration";
			};
			name = Debug;
		};
		B7E0E7BC229E7F2900EC1878 /* Release */ = {
			isa = XCBuildConfiguration;
			baseConfigurationReference = 04390CD367214BD0DF238C87 /* Pods-FBIntegrationTests.release.xcconfig */;
			buildSettings = {
				ALWAYS_EMBED_SWIFT_STANDARD_LIBRARIES = YES;
				BUNDLE_LOADER = "$(TEST_HOST)";
				CODE_SIGN_STYLE = Automatic;
				INFOPLIST_FILE = FBIntegrationTests/Info.plist;
				LD_RUNPATH_SEARCH_PATHS = (
					"$(inherited)",
					"@executable_path/Frameworks",
					"@loader_path/Frameworks",
				);
				PRODUCT_BUNDLE_IDENTIFIER = Aress.FBIntegrationTests;
				PRODUCT_NAME = "$(TARGET_NAME)";
				SWIFT_VERSION = 4.2;
				TARGETED_DEVICE_FAMILY = "1,2";
				TEST_HOST = "$(BUILT_PRODUCTS_DIR)/FBIntegration.app/FBIntegration";
			};
			name = Release;
		};
		B7E0E7BE229E7F2900EC1878 /* Debug */ = {
			isa = XCBuildConfiguration;
			baseConfigurationReference = 21E6FAF29E07FCC4D3F7C4BC /* Pods-FBIntegrationUITests.debug.xcconfig */;
			buildSettings = {
				ALWAYS_EMBED_SWIFT_STANDARD_LIBRARIES = YES;
				CODE_SIGN_STYLE = Automatic;
				INFOPLIST_FILE = FBIntegrationUITests/Info.plist;
				LD_RUNPATH_SEARCH_PATHS = (
					"$(inherited)",
					"@executable_path/Frameworks",
					"@loader_path/Frameworks",
				);
				PRODUCT_BUNDLE_IDENTIFIER = Aress.FBIntegrationUITests;
				PRODUCT_NAME = "$(TARGET_NAME)";
				SWIFT_VERSION = 4.2;
				TARGETED_DEVICE_FAMILY = "1,2";
				TEST_TARGET_NAME = FBIntegration;
			};
			name = Debug;
		};
		B7E0E7BF229E7F2900EC1878 /* Release */ = {
			isa = XCBuildConfiguration;
			baseConfigurationReference = 1564E022F9812B3907D586E3 /* Pods-FBIntegrationUITests.release.xcconfig */;
			buildSettings = {
				ALWAYS_EMBED_SWIFT_STANDARD_LIBRARIES = YES;
				CODE_SIGN_STYLE = Automatic;
				INFOPLIST_FILE = FBIntegrationUITests/Info.plist;
				LD_RUNPATH_SEARCH_PATHS = (
					"$(inherited)",
					"@executable_path/Frameworks",
					"@loader_path/Frameworks",
				);
				PRODUCT_BUNDLE_IDENTIFIER = Aress.FBIntegrationUITests;
				PRODUCT_NAME = "$(TARGET_NAME)";
				SWIFT_VERSION = 4.2;
				TARGETED_DEVICE_FAMILY = "1,2";
				TEST_TARGET_NAME = FBIntegration;
			};
			name = Release;
		};
/* End XCBuildConfiguration section */

/* Begin XCConfigurationList section */
		B7E0E78A229E7F2800EC1878 /* Build configuration list for PBXProject "FBIntegration" */ = {
			isa = XCConfigurationList;
			buildConfigurations = (
				B7E0E7B5229E7F2900EC1878 /* Debug */,
				B7E0E7B6229E7F2900EC1878 /* Release */,
			);
			defaultConfigurationIsVisible = 0;
			defaultConfigurationName = Release;
		};
		B7E0E7B7229E7F2900EC1878 /* Build configuration list for PBXNativeTarget "FBIntegration" */ = {
			isa = XCConfigurationList;
			buildConfigurations = (
				B7E0E7B8229E7F2900EC1878 /* Debug */,
				B7E0E7B9229E7F2900EC1878 /* Release */,
			);
			defaultConfigurationIsVisible = 0;
			defaultConfigurationName = Release;
		};
		B7E0E7BA229E7F2900EC1878 /* Build configuration list for PBXNativeTarget "FBIntegrationTests" */ = {
			isa = XCConfigurationList;
			buildConfigurations = (
				B7E0E7BB229E7F2900EC1878 /* Debug */,
				B7E0E7BC229E7F2900EC1878 /* Release */,
			);
			defaultConfigurationIsVisible = 0;
			defaultConfigurationName = Release;
		};
		B7E0E7BD229E7F2900EC1878 /* Build configuration list for PBXNativeTarget "FBIntegrationUITests" */ = {
			isa = XCConfigurationList;
			buildConfigurations = (
				B7E0E7BE229E7F2900EC1878 /* Debug */,
				B7E0E7BF229E7F2900EC1878 /* Release */,
			);
			defaultConfigurationIsVisible = 0;
			defaultConfigurationName = Release;
		};
/* End XCConfigurationList section */
	};
	rootObject = B7E0E787229E7F2800EC1878 /* Project object */;
}
